
Microsoft Visual Studio Solution File, Format Version 12.00
# Visual Studio Version 17
VisualStudioVersion = 17.12.35707.178
MinimumVisualStudioVersion = 10.0.40219.1
Project("{FAE04EC0-301F-11D3-BF4B-00C04F79EFBC}") = "WinFormsApp1", "WinFormsApp1\WinFormsApp1.csproj", "{0948CC6A-5CEE-4D14-820C-B92C5077D5CF}"
EndProject
Project("{FAE04EC0-301F-11D3-BF4B-00C04F79EFBC}") = "Models", "Models\Models.csproj", "{3EB095C3-761A-476F-8282-0436A04E4A2E}"
EndProject
Global
	GlobalSection(SolutionConfigurationPlatforms) = preSolution
		Debug|Any CPU = Debug|Any CPU
		Release|Any CPU = Release|Any CPU
	EndGlobalSection
	GlobalSection(ProjectConfigurationPlatforms) = postSolution
		{0948CC6A-5CEE-4D14-820C-B92C5077D5CF}.Debug|Any CPU.ActiveCfg = Debug|Any CPU
		{0948CC6A-5CEE-4D14-820C-B92C5077D5CF}.Debug|Any CPU.Build.0 = Debug|Any CPU
		{0948CC6A-5CEE-4D14-820C-B92C5077D5CF}.Release|Any CPU.ActiveCfg = Release|Any CPU
		{0948CC6A-5CEE-4D14-820C-B92C5077D5CF}.Release|Any CPU.Build.0 = Release|Any CPU
		{3EB095C3-761A-476F-8282-0436A04E4A2E}.Debug|Any CPU.ActiveCfg = Debug|Any CPU
		{3EB095C3-761A-476F-8282-0436A04E4A2E}.Debug|Any CPU.Build.0 = Debug|Any CPU
		{3EB095C3-761A-476F-8282-0436A04E4A2E}.Release|Any CPU.ActiveCfg = Release|Any CPU
		{3EB095C3-761A-476F-8282-0436A04E4A2E}.Release|Any CPU.Build.0 = Release|Any CPU
	EndGlobalSection
	GlobalSection(SolutionProperties) = preSolution
		HideSolutionNode = FALSE
	EndGlobalSection
	GlobalSection(ExtensibilityGlobals) = postSolution
		SolutionGuid = {CD60B41D-FE7D-4471-B9E8-0B08ACE01938}
	EndGlobalSection
EndGlobal
